<Solution>

  <Folder Name="/BuildingBlocks/">
    <Project Path="BuildingBlocks/HelperService/MintCart.Caching/MintCart.Caching.csproj" />
    <Project Path="BuildingBlocks/HelperService/MintCart.Common/MintCart.Common.csproj" />
    <Project Path="BuildingBlocks/HelperService/MintCart.Configuration/MintCart.Configuration.csproj" />
    <Project Path="BuildingBlocks/HelperService/MintCart.Enum/MintCart.Enum.csproj" />
    <Project Path="BuildingBlocks/HelperService/MintCart.Extensions/MintCart.Extensions.csproj" />
    <Project Path="BuildingBlocks/HelperService/MintCart.Identity/MintCart.Identity.csproj" />
    <Project Path="BuildingBlocks/HelperService/MintCart.Logging/MintCart.Logging.csproj" />
    <Project Path="BuildingBlocks/HelperService/MintCart.Permission/MintCart.Permission.csproj" />
    <Project Path="BuildingBlocks/HelperService/MintCart.RestClient/MintCart.RestClient.csproj" />
    <Project Path="BuildingBlocks/HelperService/MintCart.Security/MintCart.Security.csproj" />
    <Project Path="BuildingBlocks/HelperService/MintCart.Validator/MintCart.Validator.csproj" />
    <Project Path="BuildingBlocks/Infra/Nvg.Infra/Nvg.Infra.csproj" />
  </Folder>
  <Project Path="MintCart.Api.Web/MintCart.Api.Web.csproj" />
  <Project Path="MintCart.Api.Business/MintCart.Api.Business.csproj" />
  <Project Path="MintCart.Api.Data/MintCart.Api.Data.csproj" />
  <Project Path="MintCart.Api.Domain/MintCart.Api.Domain.csproj" />
  <Project Path="MintCart.Api.Core/MintCart.Api.Core.csproj" />
  <Project Path="MintCart.Api.Identity/MintCart.Api.Identity.csproj" />
</Solution>

